// !$*UTF8*$!
{
	archiveVersion = 1;
	classes = {
	};
	objectVersion = 56;
	objects = {

/* Begin PBXBuildFile section */
		3385120A2D1EBDCC00237143 /* DateFilterView.swift in Sources */ = {isa = PBXBuildFile; fileRef = 338512092D1EBDCC00237143 /* DateFilterView.swift */; };
		3385120C2D1ECA9F00237143 /* NewExpenseView.swift in Sources */ = {isa = PBXBuildFile; fileRef = 3385120B2D1ECA9F00237143 /* NewExpenseView.swift */; };
		33A29C9F2D1DD43D00D02E50 /* ExpenseTrackerApp.swift in Sources */ = {isa = PBXBuildFile; fileRef = 33A29C9E2D1DD43D00D02E50 /* ExpenseTrackerApp.swift */; };
		33A29CA12D1DD43D00D02E50 /* ContentView.swift in Sources */ = {isa = PBXBuildFile; fileRef = 33A29CA02D1DD43D00D02E50 /* ContentView.swift */; };
		33A29CA32D1DD43E00D02E50 /* Assets.xcassets in Resources */ = {isa = PBXBuildFile; fileRef = 33A29CA22D1DD43E00D02E50 /* Assets.xcassets */; };
		33A29CA62D1DD43E00D02E50 /* Preview Assets.xcassets in Resources */ = {isa = PBXBuildFile; fileRef = 33A29CA52D1DD43E00D02E50 /* Preview Assets.xcassets */; };
		33A29CAF2D1DD47800D02E50 /* IntroScreen.swift in Sources */ = {isa = PBXBuildFile; fileRef = 33A29CAE2D1DD47800D02E50 /* IntroScreen.swift */; };
		33A29CB22D1DD5E000D02E50 /* Constants.swift in Sources */ = {isa = PBXBuildFile; fileRef = 33A29CB12D1DD5E000D02E50 /* Constants.swift */; };
		33A29CB42D1DD98000D02E50 /* Tab.swift in Sources */ = {isa = PBXBuildFile; fileRef = 33A29CB32D1DD98000D02E50 /* Tab.swift */; };
		33A29CB62D1DDCFF00D02E50 /* Category.swift in Sources */ = {isa = PBXBuildFile; fileRef = 33A29CB52D1DDCFF00D02E50 /* Category.swift */; };
		33A29CB82D1DDD3D00D02E50 /* Transaction.swift in Sources */ = {isa = PBXBuildFile; fileRef = 33A29CB72D1DDD3D00D02E50 /* Transaction.swift */; };
		33A29CBA2D1DDE1700D02E50 /* TintColor.swift in Sources */ = {isa = PBXBuildFile; fileRef = 33A29CB92D1DDE1700D02E50 /* TintColor.swift */; };
		33A29CBF2D1DDF3C00D02E50 /* Recents.swift in Sources */ = {isa = PBXBuildFile; fileRef = 33A29CBE2D1DDF3C00D02E50 /* Recents.swift */; };
		33A29CC12D1DDF4500D02E50 /* Search.swift in Sources */ = {isa = PBXBuildFile; fileRef = 33A29CC02D1DDF4500D02E50 /* Search.swift */; };
		33A29CC32D1DDF4F00D02E50 /* Graphs.swift in Sources */ = {isa = PBXBuildFile; fileRef = 33A29CC22D1DDF4F00D02E50 /* Graphs.swift */; };
		33A29CC52D1DDF5C00D02E50 /* Settings.swift in Sources */ = {isa = PBXBuildFile; fileRef = 33A29CC42D1DDF5C00D02E50 /* Settings.swift */; };
		33A29CC72D1E795C00D02E50 /* View+Extensions.swift in Sources */ = {isa = PBXBuildFile; fileRef = 33A29CC62D1E795C00D02E50 /* View+Extensions.swift */; };
		33A29CC92D1E87C400D02E50 /* Date+Extensions.swift in Sources */ = {isa = PBXBuildFile; fileRef = 33A29CC82D1E87C400D02E50 /* Date+Extensions.swift */; };
		33A29CCC2D1E8B3100D02E50 /* CardView.swift in Sources */ = {isa = PBXBuildFile; fileRef = 33A29CCB2D1E8B3100D02E50 /* CardView.swift */; };
		33A29CCE2D1E9A9200D02E50 /* TransactionCardView.swift in Sources */ = {isa = PBXBuildFile; fileRef = 33A29CCD2D1E9A9200D02E50 /* TransactionCardView.swift */; };
		33A29CD02D1EA04900D02E50 /* SwipeAction.swift in Sources */ = {isa = PBXBuildFile; fileRef = 33A29CCF2D1EA04900D02E50 /* SwipeAction.swift */; };
/* End PBXBuildFile section */

/* Begin PBXFileReference section */
		338512092D1EBDCC00237143 /* DateFilterView.swift */ = {isa = PBXFileReference; lastKnownFileType = sourcecode.swift; path = DateFilterView.swift; sourceTree = "<group>"; };
		3385120B2D1ECA9F00237143 /* NewExpenseView.swift */ = {isa = PBXFileReference; lastKnownFileType = sourcecode.swift; path = NewExpenseView.swift; sourceTree = "<group>"; };
		33A29C9B2D1DD43D00D02E50 /* ExpenseTracker.app */ = {isa = PBXFileReference; explicitFileType = wrapper.application; includeInIndex = 0; path = ExpenseTracker.app; sourceTree = BUILT_PRODUCTS_DIR; };
		33A29C9E2D1DD43D00D02E50 /* ExpenseTrackerApp.swift */ = {isa = PBXFileReference; lastKnownFileType = sourcecode.swift; path = ExpenseTrackerApp.swift; sourceTree = "<group>"; };
		33A29CA02D1DD43D00D02E50 /* ContentView.swift */ = {isa = PBXFileReference; lastKnownFileType = sourcecode.swift; path = ContentView.swift; sourceTree = "<group>"; };
		33A29CA22D1DD43E00D02E50 /* Assets.xcassets */ = {isa = PBXFileReference; lastKnownFileType = folder.assetcatalog; path = Assets.xcassets; sourceTree = "<group>"; };
		33A29CA52D1DD43E00D02E50 /* Preview Assets.xcassets */ = {isa = PBXFileReference; lastKnownFileType = folder.assetcatalog; path = "Preview Assets.xcassets"; sourceTree = "<group>"; };
		33A29CAE2D1DD47800D02E50 /* IntroScreen.swift */ = {isa = PBXFileReference; lastKnownFileType = sourcecode.swift; path = IntroScreen.swift; sourceTree = "<group>"; };
		33A29CB12D1DD5E000D02E50 /* Constants.swift */ = {isa = PBXFileReference; lastKnownFileType = sourcecode.swift; path = Constants.swift; sourceTree = "<group>"; };
		33A29CB32D1DD98000D02E50 /* Tab.swift */ = {isa = PBXFileReference; lastKnownFileType = sourcecode.swift; path = Tab.swift; sourceTree = "<group>"; };
		33A29CB52D1DDCFF00D02E50 /* Category.swift */ = {isa = PBXFileReference; lastKnownFileType = sourcecode.swift; path = Category.swift; sourceTree = "<group>"; };
		33A29CB72D1DDD3D00D02E50 /* Transaction.swift */ = {isa = PBXFileReference; lastKnownFileType = sourcecode.swift; path = Transaction.swift; sourceTree = "<group>"; };
		33A29CB92D1DDE1700D02E50 /* TintColor.swift */ = {isa = PBXFileReference; lastKnownFileType = sourcecode.swift; path = TintColor.swift; sourceTree = "<group>"; };
		33A29CBE2D1DDF3C00D02E50 /* Recents.swift */ = {isa = PBXFileReference; lastKnownFileType = sourcecode.swift; path = Recents.swift; sourceTree = "<group>"; };
		33A29CC02D1DDF4500D02E50 /* Search.swift */ = {isa = PBXFileReference; lastKnownFileType = sourcecode.swift; path = Search.swift; sourceTree = "<group>"; };
		33A29CC22D1DDF4F00D02E50 /* Graphs.swift */ = {isa = PBXFileReference; lastKnownFileType = sourcecode.swift; path = Graphs.swift; sourceTree = "<group>"; };
		33A29CC42D1DDF5C00D02E50 /* Settings.swift */ = {isa = PBXFileReference; lastKnownFileType = sourcecode.swift; path = Settings.swift; sourceTree = "<group>"; };
		33A29CC62D1E795C00D02E50 /* View+Extensions.swift */ = {isa = PBXFileReference; lastKnownFileType = sourcecode.swift; path = "View+Extensions.swift"; sourceTree = "<group>"; };
		33A29CC82D1E87C400D02E50 /* Date+Extensions.swift */ = {isa = PBXFileReference; lastKnownFileType = sourcecode.swift; path = "Date+Extensions.swift"; sourceTree = "<group>"; };
		33A29CCB2D1E8B3100D02E50 /* CardView.swift */ = {isa = PBXFileReference; lastKnownFileType = sourcecode.swift; path = CardView.swift; sourceTree = "<group>"; };
		33A29CCD2D1E9A9200D02E50 /* TransactionCardView.swift */ = {isa = PBXFileReference; lastKnownFileType = sourcecode.swift; path = TransactionCardView.swift; sourceTree = "<group>"; };
		33A29CCF2D1EA04900D02E50 /* SwipeAction.swift */ = {isa = PBXFileReference; lastKnownFileType = sourcecode.swift; path = SwipeAction.swift; sourceTree = "<group>"; };
/* End PBXFileReference section */

/* Begin PBXFrameworksBuildPhase section */
		33A29C982D1DD43D00D02E50 /* Frameworks */ = {
			isa = PBXFrameworksBuildPhase;
			buildActionMask = 2147483647;
			files = (
			);
			runOnlyForDeploymentPostprocessing = 0;
		};
/* End PBXFrameworksBuildPhase section */

/* Begin PBXGroup section */
		33A29C922D1DD43D00D02E50 = {
			isa = PBXGroup;
			children = (
				33A29C9D2D1DD43D00D02E50 /* ExpenseTracker */,
				33A29C9C2D1DD43D00D02E50 /* Products */,
			);
			sourceTree = "<group>";
		};
		33A29C9C2D1DD43D00D02E50 /* Products */ = {
			isa = PBXGroup;
			children = (
				33A29C9B2D1DD43D00D02E50 /* ExpenseTracker.app */,
			);
			name = Products;
			sourceTree = "<group>";
		};
		33A29C9D2D1DD43D00D02E50 /* ExpenseTracker */ = {
			isa = PBXGroup;
			children = (
				33A29CB02D1DD5D700D02E50 /* Helpers */,
				33A29CAD2D1DD46000D02E50 /* Model */,
				33A29CAC2D1DD45B00D02E50 /* View */,
				33A29C9E2D1DD43D00D02E50 /* ExpenseTrackerApp.swift */,
				33A29CA02D1DD43D00D02E50 /* ContentView.swift */,
				33A29CA22D1DD43E00D02E50 /* Assets.xcassets */,
				33A29CA42D1DD43E00D02E50 /* Preview Content */,
			);
			path = ExpenseTracker;
			sourceTree = "<group>";
		};
		33A29CA42D1DD43E00D02E50 /* Preview Content */ = {
			isa = PBXGroup;
			children = (
				33A29CA52D1DD43E00D02E50 /* Preview Assets.xcassets */,
			);
			path = "Preview Content";
			sourceTree = "<group>";
		};
		33A29CAC2D1DD45B00D02E50 /* View */ = {
			isa = PBXGroup;
			children = (
				33A29CCA2D1E8B1900D02E50 /* Helpers */,
				33A29CBD2D1DDF2C00D02E50 /* TabView */,
				33A29CAE2D1DD47800D02E50 /* IntroScreen.swift */,
				3385120B2D1ECA9F00237143 /* NewExpenseView.swift */,
			);
			path = View;
			sourceTree = "<group>";
		};
		33A29CAD2D1DD46000D02E50 /* Model */ = {
			isa = PBXGroup;
			children = (
				33A29CB32D1DD98000D02E50 /* Tab.swift */,
				33A29CB52D1DDCFF00D02E50 /* Category.swift */,
				33A29CB72D1DDD3D00D02E50 /* Transaction.swift */,
				33A29CB92D1DDE1700D02E50 /* TintColor.swift */,
			);
			path = Model;
			sourceTree = "<group>";
		};
		33A29CB02D1DD5D700D02E50 /* Helpers */ = {
			isa = PBXGroup;
			children = (
				33A29CB12D1DD5E000D02E50 /* Constants.swift */,
				33A29CC62D1E795C00D02E50 /* View+Extensions.swift */,
				33A29CC82D1E87C400D02E50 /* Date+Extensions.swift */,
			);
			path = Helpers;
			sourceTree = "<group>";
		};
		33A29CBD2D1DDF2C00D02E50 /* TabView */ = {
			isa = PBXGroup;
			children = (
				33A29CBE2D1DDF3C00D02E50 /* Recents.swift */,
				33A29CC02D1DDF4500D02E50 /* Search.swift */,
				33A29CC22D1DDF4F00D02E50 /* Graphs.swift */,
				33A29CC42D1DDF5C00D02E50 /* Settings.swift */,
			);
			path = TabView;
			sourceTree = "<group>";
		};
		33A29CCA2D1E8B1900D02E50 /* Helpers */ = {
			isa = PBXGroup;
			children = (
				33A29CCB2D1E8B3100D02E50 /* CardView.swift */,
				33A29CCF2D1EA04900D02E50 /* SwipeAction.swift */,
				33A29CCD2D1E9A9200D02E50 /* TransactionCardView.swift */,
				338512092D1EBDCC00237143 /* DateFilterView.swift */,
			);
			path = Helpers;
			sourceTree = "<group>";
		};
/* End PBXGroup section */

/* Begin PBXNativeTarget section */
		33A29C9A2D1DD43D00D02E50 /* ExpenseTracker */ = {
			isa = PBXNativeTarget;
			buildConfigurationList = 33A29CA92D1DD43E00D02E50 /* Build configuration list for PBXNativeTarget "ExpenseTracker" */;
			buildPhases = (
				33A29C972D1DD43D00D02E50 /* Sources */,
				33A29C982D1DD43D00D02E50 /* Frameworks */,
				33A29C992D1DD43D00D02E50 /* Resources */,
			);
			buildRules = (
			);
			dependencies = (
			);
			name = ExpenseTracker;
			productName = ExpenseTracker;
			productReference = 33A29C9B2D1DD43D00D02E50 /* ExpenseTracker.app */;
			productType = "com.apple.product-type.application";
		};
/* End PBXNativeTarget section */

/* Begin PBXProject section */
		33A29C932D1DD43D00D02E50 /* Project object */ = {
			isa = PBXProject;
			attributes = {
				BuildIndependentTargetsInParallel = 1;
				LastSwiftUpdateCheck = 1510;
				LastUpgradeCheck = 1510;
				TargetAttributes = {
					33A29C9A2D1DD43D00D02E50 = {
						CreatedOnToolsVersion = 15.1;
					};
				};
			};
			buildConfigurationList = 33A29C962D1DD43D00D02E50 /* Build configuration list for PBXProject "ExpenseTracker" */;
			compatibilityVersion = "Xcode 14.0";
			developmentRegion = en;
			hasScannedForEncodings = 0;
			knownRegions = (
				en,
				Base,
			);
			mainGroup = 33A29C922D1DD43D00D02E50;
			productRefGroup = 33A29C9C2D1DD43D00D02E50 /* Products */;
			projectDirPath = "";
			projectRoot = "";
			targets = (
				33A29C9A2D1DD43D00D02E50 /* ExpenseTracker */,
			);
		};
/* End PBXProject section */

/* Begin PBXResourcesBuildPhase section */
		33A29C992D1DD43D00D02E50 /* Resources */ = {
			isa = PBXResourcesBuildPhase;
			buildActionMask = 2147483647;
			files = (
				33A29CA62D1DD43E00D02E50 /* Preview Assets.xcassets in Resources */,
				33A29CA32D1DD43E00D02E50 /* Assets.xcassets in Resources */,
			);
			runOnlyForDeploymentPostprocessing = 0;
		};
/* End PBXResourcesBuildPhase section */

/* Begin PBXSourcesBuildPhase section */
		33A29C972D1DD43D00D02E50 /* Sources */ = {
			isa = PBXSourcesBuildPhase;
			buildActionMask = 2147483647;
			files = (
				33A29CBA2D1DDE1700D02E50 /* TintColor.swift in Sources */,
				33A29CBF2D1DDF3C00D02E50 /* Recents.swift in Sources */,
				3385120A2D1EBDCC00237143 /* DateFilterView.swift in Sources */,
				33A29CB82D1DDD3D00D02E50 /* Transaction.swift in Sources */,
				33A29CA12D1DD43D00D02E50 /* ContentView.swift in Sources */,
				33A29CCC2D1E8B3100D02E50 /* CardView.swift in Sources */,
				33A29CD02D1EA04900D02E50 /* SwipeAction.swift in Sources */,
				33A29CAF2D1DD47800D02E50 /* IntroScreen.swift in Sources */,
				33A29CB42D1DD98000D02E50 /* Tab.swift in Sources */,
				33A29CC52D1DDF5C00D02E50 /* Settings.swift in Sources */,
				33A29C9F2D1DD43D00D02E50 /* ExpenseTrackerApp.swift in Sources */,
				3385120C2D1ECA9F00237143 /* NewExpenseView.swift in Sources */,
				33A29CC12D1DDF4500D02E50 /* Search.swift in Sources */,
				33A29CC92D1E87C400D02E50 /* Date+Extensions.swift in Sources */,
				33A29CC72D1E795C00D02E50 /* View+Extensions.swift in Sources */,
				33A29CB22D1DD5E000D02E50 /* Constants.swift in Sources */,
				33A29CC32D1DDF4F00D02E50 /* Graphs.swift in Sources */,
				33A29CB62D1DDCFF00D02E50 /* Category.swift in Sources */,
				33A29CCE2D1E9A9200D02E50 /* TransactionCardView.swift in Sources */,
			);
			runOnlyForDeploymentPostprocessing = 0;
		};
/* End PBXSourcesBuildPhase section */

/* Begin XCBuildConfiguration section */
		33A29CA72D1DD43E00D02E50 /* Debug */ = {
			isa = XCBuildConfiguration;
			buildSettings = {
				ALWAYS_SEARCH_USER_PATHS = NO;
				ASSETCATALOG_COMPILER_GENERATE_SWIFT_ASSET_SYMBOL_EXTENSIONS = YES;
				CLANG_ANALYZER_NONNULL = YES;
				CLANG_ANALYZER_NUMBER_OBJECT_CONVERSION = YES_AGGRESSIVE;
				CLANG_CXX_LANGUAGE_STANDARD = "gnu++20";
				CLANG_ENABLE_MODULES = YES;
				CLANG_ENABLE_OBJC_ARC = YES;
				CLANG_ENABLE_OBJC_WEAK = YES;
				CLANG_WARN_BLOCK_CAPTURE_AUTORELEASING = YES;
				CLANG_WARN_BOOL_CONVERSION = YES;
				CLANG_WARN_COMMA = YES;
				CLANG_WARN_CONSTANT_CONVERSION = YES;
				CLANG_WARN_DEPRECATED_OBJC_IMPLEMENTATIONS = YES;
				CLANG_WARN_DIRECT_OBJC_ISA_USAGE = YES_ERROR;
				CLANG_WARN_DOCUMENTATION_COMMENTS = YES;
				CLANG_WARN_EMPTY_BODY = YES;
				CLANG_WARN_ENUM_CONVERSION = YES;
				CLANG_WARN_INFINITE_RECURSION = YES;
				CLANG_WARN_INT_CONVERSION = YES;
				CLANG_WARN_NON_LITERAL_NULL_CONVERSION = YES;
				CLANG_WARN_OBJC_IMPLICIT_RETAIN_SELF = YES;
				CLANG_WARN_OBJC_LITERAL_CONVERSION = YES;
				CLANG_WARN_OBJC_ROOT_CLASS = YES_ERROR;
				CLANG_WARN_QUOTED_INCLUDE_IN_FRAMEWORK_HEADER = YES;
				CLANG_WARN_RANGE_LOOP_ANALYSIS = YES;
				CLANG_WARN_STRICT_PROTOTYPES = YES;
				CLANG_WARN_SUSPICIOUS_MOVE = YES;
				CLANG_WARN_UNGUARDED_AVAILABILITY = YES_AGGRESSIVE;
				CLANG_WARN_UNREACHABLE_CODE = YES;
				CLANG_WARN__DUPLICATE_METHOD_MATCH = YES;
				COPY_PHASE_STRIP = NO;
				DEBUG_INFORMATION_FORMAT = dwarf;
				ENABLE_STRICT_OBJC_MSGSEND = YES;
				ENABLE_TESTABILITY = YES;
				ENABLE_USER_SCRIPT_SANDBOXING = YES;
				GCC_C_LANGUAGE_STANDARD = gnu17;
				GCC_DYNAMIC_NO_PIC = NO;
				GCC_NO_COMMON_BLOCKS = YES;
				GCC_OPTIMIZATION_LEVEL = 0;
				GCC_PREPROCESSOR_DEFINITIONS = (
					"DEBUG=1",
					"$(inherited)",
				);
				GCC_WARN_64_TO_32_BIT_CONVERSION = YES;
				GCC_WARN_ABOUT_RETURN_TYPE = YES_ERROR;
				GCC_WARN_UNDECLARED_SELECTOR = YES;
				GCC_WARN_UNINITIALIZED_AUTOS = YES_AGGRESSIVE;
				GCC_WARN_UNUSED_FUNCTION = YES;
				GCC_WARN_UNUSED_VARIABLE = YES;
				IPHONEOS_DEPLOYMENT_TARGET = 17.2;
				LOCALIZATION_PREFERS_STRING_CATALOGS = YES;
				MTL_ENABLE_DEBUG_INFO = INCLUDE_SOURCE;
				MTL_FAST_MATH = YES;
				ONLY_ACTIVE_ARCH = YES;
				SDKROOT = iphoneos;
				SWIFT_ACTIVE_COMPILATION_CONDITIONS = "DEBUG $(inherited)";
				SWIFT_OPTIMIZATION_LEVEL = "-Onone";
			};
			name = Debug;
		};
		33A29CA82D1DD43E00D02E50 /* Release */ = {
			isa = XCBuildConfiguration;
			buildSettings = {
				ALWAYS_SEARCH_USER_PATHS = NO;
				ASSETCATALOG_COMPILER_GENERATE_SWIFT_ASSET_SYMBOL_EXTENSIONS = YES;
				CLANG_ANALYZER_NONNULL = YES;
				CLANG_ANALYZER_NUMBER_OBJECT_CONVERSION = YES_AGGRESSIVE;
				CLANG_CXX_LANGUAGE_STANDARD = "gnu++20";
				CLANG_ENABLE_MODULES = YES;
				CLANG_ENABLE_OBJC_ARC = YES;
				CLANG_ENABLE_OBJC_WEAK = YES;
				CLANG_WARN_BLOCK_CAPTURE_AUTORELEASING = YES;
				CLANG_WARN_BOOL_CONVERSION = YES;
				CLANG_WARN_COMMA = YES;
				CLANG_WARN_CONSTANT_CONVERSION = YES;
				CLANG_WARN_DEPRECATED_OBJC_IMPLEMENTATIONS = YES;
				CLANG_WARN_DIRECT_OBJC_ISA_USAGE = YES_ERROR;
				CLANG_WARN_DOCUMENTATION_COMMENTS = YES;
				CLANG_WARN_EMPTY_BODY = YES;
				CLANG_WARN_ENUM_CONVERSION = YES;
				CLANG_WARN_INFINITE_RECURSION = YES;
				CLANG_WARN_INT_CONVERSION = YES;
				CLANG_WARN_NON_LITERAL_NULL_CONVERSION = YES;
				CLANG_WARN_OBJC_IMPLICIT_RETAIN_SELF = YES;
				CLANG_WARN_OBJC_LITERAL_CONVERSION = YES;
				CLANG_WARN_OBJC_ROOT_CLASS = YES_ERROR;
				CLANG_WARN_QUOTED_INCLUDE_IN_FRAMEWORK_HEADER = YES;
				CLANG_WARN_RANGE_LOOP_ANALYSIS = YES;
				CLANG_WARN_STRICT_PROTOTYPES = YES;
				CLANG_WARN_SUSPICIOUS_MOVE = YES;
				CLANG_WARN_UNGUARDED_AVAILABILITY = YES_AGGRESSIVE;
				CLANG_WARN_UNREACHABLE_CODE = YES;
				CLANG_WARN__DUPLICATE_METHOD_MATCH = YES;
				COPY_PHASE_STRIP = NO;
				DEBUG_INFORMATION_FORMAT = "dwarf-with-dsym";
				ENABLE_NS_ASSERTIONS = NO;
				ENABLE_STRICT_OBJC_MSGSEND = YES;
				ENABLE_USER_SCRIPT_SANDBOXING = YES;
				GCC_C_LANGUAGE_STANDARD = gnu17;
				GCC_NO_COMMON_BLOCKS = YES;
				GCC_WARN_64_TO_32_BIT_CONVERSION = YES;
				GCC_WARN_ABOUT_RETURN_TYPE = YES_ERROR;
				GCC_WARN_UNDECLARED_SELECTOR = YES;
				GCC_WARN_UNINITIALIZED_AUTOS = YES_AGGRESSIVE;
				GCC_WARN_UNUSED_FUNCTION = YES;
				GCC_WARN_UNUSED_VARIABLE = YES;
				IPHONEOS_DEPLOYMENT_TARGET = 17.2;
				LOCALIZATION_PREFERS_STRING_CATALOGS = YES;
				MTL_ENABLE_DEBUG_INFO = NO;
				MTL_FAST_MATH = YES;
				SDKROOT = iphoneos;
				SWIFT_COMPILATION_MODE = wholemodule;
				VALIDATE_PRODUCT = YES;
			};
			name = Release;
		};
		33A29CAA2D1DD43E00D02E50 /* Debug */ = {
			isa = XCBuildConfiguration;
			buildSettings = {
				ASSETCATALOG_COMPILER_APPICON_NAME = AppIcon;
				ASSETCATALOG_COMPILER_GLOBAL_ACCENT_COLOR_NAME = AccentColor;
				CODE_SIGN_STYLE = Automatic;
				CURRENT_PROJECT_VERSION = 1;
				DEVELOPMENT_ASSET_PATHS = "\"ExpenseTracker/Preview Content\"";
				DEVELOPMENT_TEAM = 9GJ6C42649;
				ENABLE_PREVIEWS = YES;
				GENERATE_INFOPLIST_FILE = YES;
				INFOPLIST_KEY_UIApplicationSceneManifest_Generation = YES;
				INFOPLIST_KEY_UIApplicationSupportsIndirectInputEvents = YES;
				INFOPLIST_KEY_UILaunchScreen_Generation = YES;
				INFOPLIST_KEY_UISupportedInterfaceOrientations_iPad = "UIInterfaceOrientationPortrait UIInterfaceOrientationPortraitUpsideDown UIInterfaceOrientationLandscapeLeft UIInterfaceOrientationLandscapeRight";
				INFOPLIST_KEY_UISupportedInterfaceOrientations_iPhone = "UIInterfaceOrientationPortrait UIInterfaceOrientationLandscapeLeft UIInterfaceOrientationLandscapeRight";
				LD_RUNPATH_SEARCH_PATHS = (
					"$(inherited)",
					"@executable_path/Frameworks",
				);
				MARKETING_VERSION = 1.0;
				PRODUCT_BUNDLE_IDENTIFIER = com.karachev.ExpenseTracker;
				PRODUCT_NAME = "$(TARGET_NAME)";
				SWIFT_EMIT_LOC_STRINGS = YES;
				SWIFT_VERSION = 5.0;
				TARGETED_DEVICE_FAMILY = "1,2";
			};
			name = Debug;
		};
		33A29CAB2D1DD43E00D02E50 /* Release */ = {
			isa = XCBuildConfiguration;
			buildSettings = {
				ASSETCATALOG_COMPILER_APPICON_NAME = AppIcon;
				ASSETCATALOG_COMPILER_GLOBAL_ACCENT_COLOR_NAME = AccentColor;
				CODE_SIGN_STYLE = Automatic;
				CURRENT_PROJECT_VERSION = 1;
				DEVELOPMENT_ASSET_PATHS = "\"ExpenseTracker/Preview Content\"";
				DEVELOPMENT_TEAM = 9GJ6C42649;
				ENABLE_PREVIEWS = YES;
				GENERATE_INFOPLIST_FILE = YES;
				INFOPLIST_KEY_UIApplicationSceneManifest_Generation = YES;
				INFOPLIST_KEY_UIApplicationSupportsIndirectInputEvents = YES;
				INFOPLIST_KEY_UILaunchScreen_Generation = YES;
				INFOPLIST_KEY_UISupportedInterfaceOrientations_iPad = "UIInterfaceOrientationPortrait UIInterfaceOrientationPortraitUpsideDown UIInterfaceOrientationLandscapeLeft UIInterfaceOrientationLandscapeRight";
				INFOPLIST_KEY_UISupportedInterfaceOrientations_iPhone = "UIInterfaceOrientationPortrait UIInterfaceOrientationLandscapeLeft UIInterfaceOrientationLandscapeRight";
				LD_RUNPATH_SEARCH_PATHS = (
					"$(inherited)",
					"@executable_path/Frameworks",
				);
				MARKETING_VERSION = 1.0;
				PRODUCT_BUNDLE_IDENTIFIER = com.karachev.ExpenseTracker;
				PRODUCT_NAME = "$(TARGET_NAME)";
				SWIFT_EMIT_LOC_STRINGS = YES;
				SWIFT_VERSION = 5.0;
				TARGETED_DEVICE_FAMILY = "1,2";
			};
			name = Release;
		};
/* End XCBuildConfiguration section */

/* Begin XCConfigurationList section */
		33A29C962D1DD43D00D02E50 /* Build configuration list for PBXProject "ExpenseTracker" */ = {
			isa = XCConfigurationList;
			buildConfigurations = (
				33A29CA72D1DD43E00D02E50 /* Debug */,
				33A29CA82D1DD43E00D02E50 /* Release */,
			);
			defaultConfigurationIsVisible = 0;
			defaultConfigurationName = Release;
		};
		33A29CA92D1DD43E00D02E50 /* Build configuration list for PBXNativeTarget "ExpenseTracker" */ = {
			isa = XCConfigurationList;
			buildConfigurations = (
				33A29CAA2D1DD43E00D02E50 /* Debug */,
				33A29CAB2D1DD43E00D02E50 /* Release */,
			);
			defaultConfigurationIsVisible = 0;
			defaultConfigurationName = Release;
		};
/* End XCConfigurationList section */
	};
	rootObject = 33A29C932D1DD43D00D02E50 /* Project object */;
}
